transformers==5.16.1 --hash=sha256:2f2d5b98a5ad3718713653734298fa620754ed683702a635ebb587df3ed29c7e
tokenizers==0.23.1 --hash=sha256:1bf13402aff9bc533c89cb849ec3b412dc3fbeacc9744840e423d7bf3f7dc0e3
torchcodec==0.16.0 --hash=sha256:d26fe96259211115c17fb2bd071fbdf4da264cf04bb88fba006ffffb9c23c5a1
nvshmem4py-cu13==0.3.1 --hash=sha256:bba2e744e11644c8927eea9596102b899d80c1bfe807837f5940996e8d9a8fe8
cython==3.3.0 --hash=sha256:7e321ae700995a16dc3055ada06ffb8d61e1a7434e5d0e811547a45ac1015ebd
